
Microsoft Visual Studio Solution File, Format Version 12.00
# Visual Studio Version 17
VisualStudioVersion = 17.8.34525.116
MinimumVisualStudioVersion = 10.0.40219.1
Project("{FAE04EC0-301F-11D3-BF4B-00C04F79EFBC}") = "AssistantGenesis_Web_App", "AssistantGenesis_Web_App\AssistantGenesis_Web_App.csproj", "{A34E6014-27DB-4941-B5A6-D61FCF0E3EC6}"
EndProject
Global
	GlobalSection(SolutionConfigurationPlatforms) = preSolution
		Debug|Any CPU = Debug|Any CPU
		Release|Any CPU = Release|Any CPU
	EndGlobalSection
	GlobalSection(ProjectConfigurationPlatforms) = postSolution
		{A34E6014-27DB-4941-B5A6-D61FCF0E3EC6}.Debug|Any CPU.ActiveCfg = Debug|Any CPU
		{A34E6014-27DB-4941-B5A6-D61FCF0E3EC6}.Debug|Any CPU.Build.0 = Debug|Any CPU
		{A34E6014-27DB-4941-B5A6-D61FCF0E3EC6}.Release|Any CPU.ActiveCfg = Release|Any CPU
		{A34E6014-27DB-4941-B5A6-D61FCF0E3EC6}.Release|Any CPU.Build.0 = Release|Any CPU
	EndGlobalSection
	GlobalSection(SolutionProperties) = preSolution
		HideSolutionNode = FALSE
	EndGlobalSection
	GlobalSection(ExtensibilityGlobals) = postSolution
		SolutionGuid = {970ED52A-1B67-46DC-A294-E842D8486C86}
	EndGlobalSection
EndGlobal
