
Microsoft Visual Studio Solution File, Format Version 12.00
# Visual Studio Version 17
VisualStudioVersion = 17.8.34525.116
MinimumVisualStudioVersion = 10.0.40219.1
Project("{FAE04EC0-301F-11D3-BF4B-00C04F79EFBC}") = "AG_Mobile", "AG_Mobile.csproj", "{EC7800EA-059C-4ACF-B1F6-CEE0FC64C85B}"
EndProject
Global
	GlobalSection(SolutionConfigurationPlatforms) = preSolution
		Debug|Any CPU = Debug|Any CPU
		Release|Any CPU = Release|Any CPU
	EndGlobalSection
	GlobalSection(ProjectConfigurationPlatforms) = postSolution
		{EC7800EA-059C-4ACF-B1F6-CEE0FC64C85B}.Debug|Any CPU.ActiveCfg = Debug|Any CPU
		{EC7800EA-059C-4ACF-B1F6-CEE0FC64C85B}.Debug|Any CPU.Build.0 = Debug|Any CPU
		{EC7800EA-059C-4ACF-B1F6-CEE0FC64C85B}.Debug|Any CPU.Deploy.0 = Debug|Any CPU
		{EC7800EA-059C-4ACF-B1F6-CEE0FC64C85B}.Release|Any CPU.ActiveCfg = Release|Any CPU
		{EC7800EA-059C-4ACF-B1F6-CEE0FC64C85B}.Release|Any CPU.Build.0 = Release|Any CPU
		{EC7800EA-059C-4ACF-B1F6-CEE0FC64C85B}.Release|Any CPU.Deploy.0 = Release|Any CPU
	EndGlobalSection
	GlobalSection(SolutionProperties) = preSolution
		HideSolutionNode = FALSE
	EndGlobalSection
	GlobalSection(ExtensibilityGlobals) = postSolution
		SolutionGuid = {295295E2-AA19-499C-B40B-0482676B34F8}
	EndGlobalSection
EndGlobal
